
Microsoft Visual Studio Solution File, Format Version 12.00
# Visual Studio 15
VisualStudioVersion = 15.0.27703.2018
MinimumVisualStudioVersion = 10.0.40219.1
Project("{FAE04EC0-301F-11D3-BF4B-00C04F79EFBC}") = "ConsoleApp1", "ConsoleApp1\ConsoleApp1.csproj", "{9DE6AE2C-1136-40D0-8019-79FEE1D44357}"
EndProject
Project("{9A19103F-16F7-4668-BE54-9A1E7A4F7556}") = "ClassLibrary1", "ClassLibrary1\ClassLibrary1.csproj", "{7C1E44B9-AD52-416B-929C-F23F27FB29E6}"
EndProject
Global
	GlobalSection(SolutionConfigurationPlatforms) = preSolution
		Debug|Any CPU = Debug|Any CPU
		Release|Any CPU = Release|Any CPU
	EndGlobalSection
	GlobalSection(ProjectConfigurationPlatforms) = postSolution
		{9DE6AE2C-1136-40D0-8019-79FEE1D44357}.Debug|Any CPU.ActiveCfg = Debug|Any CPU
		{9DE6AE2C-1136-40D0-8019-79FEE1D44357}.Debug|Any CPU.Build.0 = Debug|Any CPU
		{9DE6AE2C-1136-40D0-8019-79FEE1D44357}.Release|Any CPU.ActiveCfg = Release|Any CPU
		{9DE6AE2C-1136-40D0-8019-79FEE1D44357}.Release|Any CPU.Build.0 = Release|Any CPU
		{7C1E44B9-AD52-416B-929C-F23F27FB29E6}.Debug|Any CPU.ActiveCfg = Debug|Any CPU
		{7C1E44B9-AD52-416B-929C-F23F27FB29E6}.Debug|Any CPU.Build.0 = Debug|Any CPU
		{7C1E44B9-AD52-416B-929C-F23F27FB29E6}.Release|Any CPU.ActiveCfg = Release|Any CPU
		{7C1E44B9-AD52-416B-929C-F23F27FB29E6}.Release|Any CPU.Build.0 = Release|Any CPU
	EndGlobalSection
	GlobalSection(SolutionProperties) = preSolution
		HideSolutionNode = FALSE
	EndGlobalSection
	GlobalSection(ExtensibilityGlobals) = postSolution
		SolutionGuid = {41030FB5-21A4-4638-9351-9A8D298FB4E5}
	EndGlobalSection
EndGlobal
